// !$*UTF8*$!
{
	archiveVersion = 1;
	classes = {
	};
	objectVersion = 50;
	objects = {

/* Begin PBXBuildFile section */
		2510E64D24EDDA3D007A3302 /* BSCJSInterceptor.js in Resources */ = {isa = PBXBuildFile; fileRef = 2510E64C24EDDA3D007A3302 /* BSCJSInterceptor.js */; };
		2537993A228899C9008130B4 /* libCrony.a in Frameworks */ = {isa = PBXBuildFile; fileRef = 25379936228899C9008130B4 /* libCrony.a */; };
		25AF5F6921C445F400A87A24 /* ViewController.m in Sources */ = {isa = PBXBuildFile; fileRef = 25AF5F2E21C42A3F00A87A24 /* ViewController.m */; };
		25AF5F6A21C445F400A87A24 /* main.m in Sources */ = {isa = PBXBuildFile; fileRef = 25AF5F3921C42A4000A87A24 /* main.m */; };
		25AF5F6B21C445F400A87A24 /* AppDelegate.m in Sources */ = {isa = PBXBuildFile; fileRef = 25AF5F2B21C42A3F00A87A24 /* AppDelegate.m */; };
		25AF5F6F21C445F400A87A24 /* LaunchScreen.storyboard in Resources */ = {isa = PBXBuildFile; fileRef = 25AF5F3521C42A4000A87A24 /* LaunchScreen.storyboard */; };
		25AF5F7021C445F400A87A24 /* Assets.xcassets in Resources */ = {isa = PBXBuildFile; fileRef = 25AF5F3321C42A4000A87A24 /* Assets.xcassets */; };
		25AF5F7121C445F400A87A24 /* Main.storyboard in Resources */ = {isa = PBXBuildFile; fileRef = 25AF5F3021C42A3F00A87A24 /* Main.storyboard */; };
		25AF5F7321C445F400A87A24 /* LinkKit.framework in Embed Frameworks */ = {isa = PBXBuildFile; fileRef = 25AF5F3E21C42A7600A87A24 /* LinkKit.framework */; settings = {ATTRIBUTES = (CodeSignOnCopy, RemoveHeadersOnCopy, ); }; };
/* End PBXBuildFile section */

/* Begin PBXCopyFilesBuildPhase section */
		25AF5F7221C445F400A87A24 /* Embed Frameworks */ = {
			isa = PBXCopyFilesBuildPhase;
			buildActionMask = 2147483647;
			dstPath = "";
			dstSubfolderSpec = 10;
			files = (
				25AF5F7321C445F400A87A24 /* LinkKit.framework in Embed Frameworks */,
			);
			name = "Embed Frameworks";
			runOnlyForDeploymentPostprocessing = 0;
		};
/* End PBXCopyFilesBuildPhase section */

/* Begin PBXFileReference section */
		2510E64C24EDDA3D007A3302 /* BSCJSInterceptor.js */ = {isa = PBXFileReference; fileEncoding = 4; lastKnownFileType = sourcecode.javascript; path = BSCJSInterceptor.js; sourceTree = "<group>"; };
		25379936228899C9008130B4 /* libCrony.a */ = {isa = PBXFileReference; lastKnownFileType = archive.ar; path = libCrony.a; sourceTree = "<group>"; };
		25379939228899C9008130B4 /* BSCrony.h */ = {isa = PBXFileReference; fileEncoding = 4; lastKnownFileType = sourcecode.c.h; path = BSCrony.h; sourceTree = "<group>"; };
		25AF5F2A21C42A3F00A87A24 /* AppDelegate.h */ = {isa = PBXFileReference; lastKnownFileType = sourcecode.c.h; path = AppDelegate.h; sourceTree = "<group>"; };
		25AF5F2B21C42A3F00A87A24 /* AppDelegate.m */ = {isa = PBXFileReference; lastKnownFileType = sourcecode.c.objc; path = AppDelegate.m; sourceTree = "<group>"; };
		25AF5F2D21C42A3F00A87A24 /* ViewController.h */ = {isa = PBXFileReference; lastKnownFileType = sourcecode.c.h; path = ViewController.h; sourceTree = "<group>"; };
		25AF5F2E21C42A3F00A87A24 /* ViewController.m */ = {isa = PBXFileReference; lastKnownFileType = sourcecode.c.objc; path = ViewController.m; sourceTree = "<group>"; };
		25AF5F3121C42A3F00A87A24 /* Base */ = {isa = PBXFileReference; lastKnownFileType = file.storyboard; name = Base; path = Base.lproj/Main.storyboard; sourceTree = "<group>"; };
		25AF5F3321C42A4000A87A24 /* Assets.xcassets */ = {isa = PBXFileReference; lastKnownFileType = folder.assetcatalog; path = Assets.xcassets; sourceTree = "<group>"; };
		25AF5F3621C42A4000A87A24 /* Base */ = {isa = PBXFileReference; lastKnownFileType = file.storyboard; name = Base; path = Base.lproj/LaunchScreen.storyboard; sourceTree = "<group>"; };
		25AF5F3821C42A4000A87A24 /* Info.plist */ = {isa = PBXFileReference; lastKnownFileType = text.plist.xml; path = Info.plist; sourceTree = "<group>"; };
		25AF5F3921C42A4000A87A24 /* main.m */ = {isa = PBXFileReference; lastKnownFileType = sourcecode.c.objc; path = main.m; sourceTree = "<group>"; };
		25AF5F3E21C42A7600A87A24 /* LinkKit.framework */ = {isa = PBXFileReference; lastKnownFileType = wrapper.framework; path = LinkKit.framework; sourceTree = "<group>"; };
		25AF5F7721C445F400A87A24 /* MyBank.app */ = {isa = PBXFileReference; explicitFileType = wrapper.application; includeInIndex = 0; path = MyBank.app; sourceTree = BUILT_PRODUCTS_DIR; };
/* End PBXFileReference section */

/* Begin PBXFrameworksBuildPhase section */
		25AF5F6C21C445F400A87A24 /* Frameworks */ = {
			isa = PBXFrameworksBuildPhase;
			buildActionMask = 2147483647;
			files = (
				2537993A228899C9008130B4 /* libCrony.a in Frameworks */,
			);
			runOnlyForDeploymentPostprocessing = 0;
		};
/* End PBXFrameworksBuildPhase section */

/* Begin PBXGroup section */
		2510E64B24EDDA3D007A3302 /* js */ = {
			isa = PBXGroup;
			children = (
				2510E64C24EDDA3D007A3302 /* BSCJSInterceptor.js */,
			);
			name = js;
			path = CronyLib/js;
			sourceTree = SOURCE_ROOT;
		};
		2518B7E621B1AF3B00F0832E = {
			isa = PBXGroup;
			children = (
				25AF5F2921C42A3F00A87A24 /* MyBank */,
				2518B7F021B1AF3B00F0832E /* Products */,
				258E79A621BC37A20074C025 /* Frameworks */,
			);
			sourceTree = "<group>";
		};
		2518B7F021B1AF3B00F0832E /* Products */ = {
			isa = PBXGroup;
			children = (
				25AF5F7721C445F400A87A24 /* MyBank.app */,
			);
			name = Products;
			sourceTree = "<group>";
		};
		25379935228899C9008130B4 /* CronyLib */ = {
			isa = PBXGroup;
			children = (
				2510E64B24EDDA3D007A3302 /* js */,
				25379936228899C9008130B4 /* libCrony.a */,
				25379938228899C9008130B4 /* headers */,
			);
			path = CronyLib;
			sourceTree = SOURCE_ROOT;
		};
		25379938228899C9008130B4 /* headers */ = {
			isa = PBXGroup;
			children = (
				25379939228899C9008130B4 /* BSCrony.h */,
			);
			path = headers;
			sourceTree = "<group>";
		};
		258E79A621BC37A20074C025 /* Frameworks */ = {
			isa = PBXGroup;
			children = (
			);
			name = Frameworks;
			sourceTree = "<group>";
		};
		25AF5F2921C42A3F00A87A24 /* MyBank */ = {
			isa = PBXGroup;
			children = (
				25379935228899C9008130B4 /* CronyLib */,
				25AF5F3E21C42A7600A87A24 /* LinkKit.framework */,
				25AF5F2A21C42A3F00A87A24 /* AppDelegate.h */,
				25AF5F2B21C42A3F00A87A24 /* AppDelegate.m */,
				25AF5F2D21C42A3F00A87A24 /* ViewController.h */,
				25AF5F2E21C42A3F00A87A24 /* ViewController.m */,
				25AF5F3021C42A3F00A87A24 /* Main.storyboard */,
				25AF5F3321C42A4000A87A24 /* Assets.xcassets */,
				25AF5F3521C42A4000A87A24 /* LaunchScreen.storyboard */,
				25AF5F3821C42A4000A87A24 /* Info.plist */,
				25AF5F3921C42A4000A87A24 /* main.m */,
			);
			path = MyBank;
			sourceTree = "<group>";
		};
/* End PBXGroup section */

/* Begin PBXNativeTarget section */
		25AF5F6721C445F400A87A24 /* MyBank */ = {
			isa = PBXNativeTarget;
			buildConfigurationList = 25AF5F7421C445F400A87A24 /* Build configuration list for PBXNativeTarget "MyBank" */;
			buildPhases = (
				25AF5F6821C445F400A87A24 /* Sources */,
				25AF5F6C21C445F400A87A24 /* Frameworks */,
				25AF5F6E21C445F400A87A24 /* Resources */,
				25AF5F7221C445F400A87A24 /* Embed Frameworks */,
			);
			buildRules = (
			);
			dependencies = (
			);
			name = MyBank;
			productName = MyBank;
			productReference = 25AF5F7721C445F400A87A24 /* MyBank.app */;
			productType = "com.apple.product-type.application";
		};
/* End PBXNativeTarget section */

/* Begin PBXProject section */
		2518B7E721B1AF3B00F0832E /* Project object */ = {
			isa = PBXProject;
			attributes = {
				LastUpgradeCheck = 1010;
				ORGANIZATIONNAME = "Suman Cherukuri";
			};
			buildConfigurationList = 2518B7EA21B1AF3B00F0832E /* Build configuration list for PBXProject "MyBank" */;
			compatibilityVersion = "Xcode 9.3";
			developmentRegion = en;
			hasScannedForEncodings = 0;
			knownRegions = (
				en,
				Base,
			);
			mainGroup = 2518B7E621B1AF3B00F0832E;
			productRefGroup = 2518B7F021B1AF3B00F0832E /* Products */;
			projectDirPath = "";
			projectRoot = "";
			targets = (
				25AF5F6721C445F400A87A24 /* MyBank */,
			);
		};
/* End PBXProject section */

/* Begin PBXResourcesBuildPhase section */
		25AF5F6E21C445F400A87A24 /* Resources */ = {
			isa = PBXResourcesBuildPhase;
			buildActionMask = 2147483647;
			files = (
				25AF5F6F21C445F400A87A24 /* LaunchScreen.storyboard in Resources */,
				25AF5F7021C445F400A87A24 /* Assets.xcassets in Resources */,
				2510E64D24EDDA3D007A3302 /* BSCJSInterceptor.js in Resources */,
				25AF5F7121C445F400A87A24 /* Main.storyboard in Resources */,
			);
			runOnlyForDeploymentPostprocessing = 0;
		};
/* End PBXResourcesBuildPhase section */

/* Begin PBXSourcesBuildPhase section */
		25AF5F6821C445F400A87A24 /* Sources */ = {
			isa = PBXSourcesBuildPhase;
			buildActionMask = 2147483647;
			files = (
				25AF5F6921C445F400A87A24 /* ViewController.m in Sources */,
				25AF5F6A21C445F400A87A24 /* main.m in Sources */,
				25AF5F6B21C445F400A87A24 /* AppDelegate.m in Sources */,
			);
			runOnlyForDeploymentPostprocessing = 0;
		};
/* End PBXSourcesBuildPhase section */

/* Begin PBXVariantGroup section */
		25AF5F3021C42A3F00A87A24 /* Main.storyboard */ = {
			isa = PBXVariantGroup;
			children = (
				25AF5F3121C42A3F00A87A24 /* Base */,
			);
			name = Main.storyboard;
			sourceTree = "<group>";
		};
		25AF5F3521C42A4000A87A24 /* LaunchScreen.storyboard */ = {
			isa = PBXVariantGroup;
			children = (
				25AF5F3621C42A4000A87A24 /* Base */,
			);
			name = LaunchScreen.storyboard;
			sourceTree = "<group>";
		};
/* End PBXVariantGroup section */

/* Begin XCBuildConfiguration section */
		2518B7F621B1AF3B00F0832E /* Debug */ = {
			isa = XCBuildConfiguration;
			buildSettings = {
				ALWAYS_SEARCH_USER_PATHS = NO;
				CLANG_ANALYZER_NONNULL = YES;
				CLANG_ANALYZER_NUMBER_OBJECT_CONVERSION = YES_AGGRESSIVE;
				CLANG_CXX_LANGUAGE_STANDARD = "gnu++14";
				CLANG_CXX_LIBRARY = "libc++";
				CLANG_ENABLE_MODULES = YES;
				CLANG_ENABLE_OBJC_ARC = YES;
				CLANG_ENABLE_OBJC_WEAK = YES;
				CLANG_WARN_BLOCK_CAPTURE_AUTORELEASING = YES;
				CLANG_WARN_BOOL_CONVERSION = YES;
				CLANG_WARN_COMMA = YES;
				CLANG_WARN_CONSTANT_CONVERSION = YES;
				CLANG_WARN_DEPRECATED_OBJC_IMPLEMENTATIONS = YES;
				CLANG_WARN_DIRECT_OBJC_ISA_USAGE = YES_ERROR;
				CLANG_WARN_DOCUMENTATION_COMMENTS = YES;
				CLANG_WARN_EMPTY_BODY = YES;
				CLANG_WARN_ENUM_CONVERSION = YES;
				CLANG_WARN_INFINITE_RECURSION = YES;
				CLANG_WARN_INT_CONVERSION = YES;
				CLANG_WARN_NON_LITERAL_NULL_CONVERSION = YES;
				CLANG_WARN_OBJC_IMPLICIT_RETAIN_SELF = YES;
				CLANG_WARN_OBJC_LITERAL_CONVERSION = YES;
				CLANG_WARN_OBJC_ROOT_CLASS = YES_ERROR;
				CLANG_WARN_RANGE_LOOP_ANALYSIS = YES;
				CLANG_WARN_STRICT_PROTOTYPES = YES;
				CLANG_WARN_SUSPICIOUS_MOVE = YES;
				CLANG_WARN_UNGUARDED_AVAILABILITY = YES_AGGRESSIVE;
				CLANG_WARN_UNREACHABLE_CODE = YES;
				CLANG_WARN__DUPLICATE_METHOD_MATCH = YES;
				CODE_SIGN_IDENTITY = "Mac Developer";
				COPY_PHASE_STRIP = NO;
				DEBUG_INFORMATION_FORMAT = dwarf;
				ENABLE_STRICT_OBJC_MSGSEND = YES;
				ENABLE_TESTABILITY = YES;
				GCC_C_LANGUAGE_STANDARD = gnu11;
				GCC_DYNAMIC_NO_PIC = NO;
				GCC_NO_COMMON_BLOCKS = YES;
				GCC_OPTIMIZATION_LEVEL = 0;
				GCC_PREPROCESSOR_DEFINITIONS = (
					"DEBUG=1",
					"$(inherited)",
				);
				GCC_WARN_64_TO_32_BIT_CONVERSION = YES;
				GCC_WARN_ABOUT_RETURN_TYPE = YES_ERROR;
				GCC_WARN_UNDECLARED_SELECTOR = YES;
				GCC_WARN_UNINITIALIZED_AUTOS = YES_AGGRESSIVE;
				GCC_WARN_UNUSED_FUNCTION = YES;
				GCC_WARN_UNUSED_VARIABLE = YES;
				MACOSX_DEPLOYMENT_TARGET = 10.14;
				MTL_ENABLE_DEBUG_INFO = INCLUDE_SOURCE;
				MTL_FAST_MATH = YES;
				ONLY_ACTIVE_ARCH = YES;
				SDKROOT = iphoneos;
			};
			name = Debug;
		};
		2518B7F721B1AF3B00F0832E /* Release */ = {
			isa = XCBuildConfiguration;
			buildSettings = {
				ALWAYS_SEARCH_USER_PATHS = NO;
				CLANG_ANALYZER_NONNULL = YES;
				CLANG_ANALYZER_NUMBER_OBJECT_CONVERSION = YES_AGGRESSIVE;
				CLANG_CXX_LANGUAGE_STANDARD = "gnu++14";
				CLANG_CXX_LIBRARY = "libc++";
				CLANG_ENABLE_MODULES = YES;
				CLANG_ENABLE_OBJC_ARC = YES;
				CLANG_ENABLE_OBJC_WEAK = YES;
				CLANG_WARN_BLOCK_CAPTURE_AUTORELEASING = YES;
				CLANG_WARN_BOOL_CONVERSION = YES;
				CLANG_WARN_COMMA = YES;
				CLANG_WARN_CONSTANT_CONVERSION = YES;
				CLANG_WARN_DEPRECATED_OBJC_IMPLEMENTATIONS = YES;
				CLANG_WARN_DIRECT_OBJC_ISA_USAGE = YES_ERROR;
				CLANG_WARN_DOCUMENTATION_COMMENTS = YES;
				CLANG_WARN_EMPTY_BODY = YES;
				CLANG_WARN_ENUM_CONVERSION = YES;
				CLANG_WARN_INFINITE_RECURSION = YES;
				CLANG_WARN_INT_CONVERSION = YES;
				CLANG_WARN_NON_LITERAL_NULL_CONVERSION = YES;
				CLANG_WARN_OBJC_IMPLICIT_RETAIN_SELF = YES;
				CLANG_WARN_OBJC_LITERAL_CONVERSION = YES;
				CLANG_WARN_OBJC_ROOT_CLASS = YES_ERROR;
				CLANG_WARN_RANGE_LOOP_ANALYSIS = YES;
				CLANG_WARN_STRICT_PROTOTYPES = YES;
				CLANG_WARN_SUSPICIOUS_MOVE = YES;
				CLANG_WARN_UNGUARDED_AVAILABILITY = YES_AGGRESSIVE;
				CLANG_WARN_UNREACHABLE_CODE = YES;
				CLANG_WARN__DUPLICATE_METHOD_MATCH = YES;
				CODE_SIGN_IDENTITY = "Mac Developer";
				COPY_PHASE_STRIP = NO;
				DEBUG_INFORMATION_FORMAT = "dwarf-with-dsym";
				ENABLE_NS_ASSERTIONS = NO;
				ENABLE_STRICT_OBJC_MSGSEND = YES;
				GCC_C_LANGUAGE_STANDARD = gnu11;
				GCC_NO_COMMON_BLOCKS = YES;
				GCC_WARN_64_TO_32_BIT_CONVERSION = YES;
				GCC_WARN_ABOUT_RETURN_TYPE = YES_ERROR;
				GCC_WARN_UNDECLARED_SELECTOR = YES;
				GCC_WARN_UNINITIALIZED_AUTOS = YES_AGGRESSIVE;
				GCC_WARN_UNUSED_FUNCTION = YES;
				GCC_WARN_UNUSED_VARIABLE = YES;
				MACOSX_DEPLOYMENT_TARGET = 10.14;
				MTL_ENABLE_DEBUG_INFO = NO;
				MTL_FAST_MATH = YES;
				SDKROOT = iphoneos;
			};
			name = Release;
		};
		25AF5F7521C445F400A87A24 /* Debug */ = {
			isa = XCBuildConfiguration;
			buildSettings = {
				ASSETCATALOG_COMPILER_APPICON_NAME = AppIcon;
				CODE_SIGN_IDENTITY = "iPhone Developer";
				CODE_SIGN_STYLE = Automatic;
				CONFIGURATION_BUILD_DIR = "$(BUILD_DIR)";
				DEVELOPMENT_TEAM = U96363L4E2;
				ENABLE_BITCODE = NO;
				FRAMEWORK_SEARCH_PATHS = (
					"$(inherited)",
					"$(PROJECT_DIR)/MyBank",
				);
				INFOPLIST_FILE = MyBank/Info.plist;
				IPHONEOS_DEPLOYMENT_TARGET = 10.1;
				LD_RUNPATH_SEARCH_PATHS = (
					"$(inherited)",
					"@executable_path/Frameworks",
				);
				LIBRARY_SEARCH_PATHS = (
					"$(PROJECT_DIR)/MyBank/Crony",
					"$(PROJECT_DIR)/CronyLib",
				);
				OTHER_LDFLAGS = "-ObjC";
				PRODUCT_BUNDLE_IDENTIFIER = com.bytesized.MyBank;
				PRODUCT_NAME = "$(TARGET_NAME)";
				SUPPORTED_PLATFORMS = "iphonesimulator iphoneos";
				TARGETED_DEVICE_FAMILY = "1,2";
			};
			name = Debug;
		};
		25AF5F7621C445F400A87A24 /* Release */ = {
			isa = XCBuildConfiguration;
			buildSettings = {
				ASSETCATALOG_COMPILER_APPICON_NAME = AppIcon;
				CODE_SIGN_IDENTITY = "iPhone Developer";
				CODE_SIGN_STYLE = Automatic;
				CONFIGURATION_BUILD_DIR = "$(BUILD_DIR)";
				DEVELOPMENT_TEAM = U96363L4E2;
				ENABLE_BITCODE = NO;
				FRAMEWORK_SEARCH_PATHS = (
					"$(inherited)",
					"$(PROJECT_DIR)/MyBank",
				);
				INFOPLIST_FILE = MyBank/Info.plist;
				IPHONEOS_DEPLOYMENT_TARGET = 10.1;
				LD_RUNPATH_SEARCH_PATHS = (
					"$(inherited)",
					"@executable_path/Frameworks",
				);
				LIBRARY_SEARCH_PATHS = (
					"$(PROJECT_DIR)/MyBank/Crony",
					"$(PROJECT_DIR)/CronyLib",
				);
				OTHER_LDFLAGS = "-ObjC";
				PRODUCT_BUNDLE_IDENTIFIER = com.bytesized.MyBank;
				PRODUCT_NAME = "$(TARGET_NAME)";
				SUPPORTED_PLATFORMS = "iphonesimulator iphoneos";
				TARGETED_DEVICE_FAMILY = "1,2";
				VALIDATE_PRODUCT = YES;
			};
			name = Release;
		};
/* End XCBuildConfiguration section */

/* Begin XCConfigurationList section */
		2518B7EA21B1AF3B00F0832E /* Build configuration list for PBXProject "MyBank" */ = {
			isa = XCConfigurationList;
			buildConfigurations = (
				2518B7F621B1AF3B00F0832E /* Debug */,
				2518B7F721B1AF3B00F0832E /* Release */,
			);
			defaultConfigurationIsVisible = 0;
			defaultConfigurationName = Release;
		};
		25AF5F7421C445F400A87A24 /* Build configuration list for PBXNativeTarget "MyBank" */ = {
			isa = XCConfigurationList;
			buildConfigurations = (
				25AF5F7521C445F400A87A24 /* Debug */,
				25AF5F7621C445F400A87A24 /* Release */,
			);
			defaultConfigurationIsVisible = 0;
			defaultConfigurationName = Release;
		};
/* End XCConfigurationList section */
	};
	rootObject = 2518B7E721B1AF3B00F0832E /* Project object */;
}
